// !$*UTF8*$!
{
	archiveVersion = 1;
	classes = {
	};
	objectVersion = 50;
	objects = {

/* Begin PBXBuildFile section */
		59B33062223FE9D500A7A4CE /* AppDelegate.swift in Sources */ = {isa = PBXBuildFile; fileRef = 59B33061223FE9D500A7A4CE /* AppDelegate.swift */; };
		59B33064223FE9D500A7A4CE /* ViewController.swift in Sources */ = {isa = PBXBuildFile; fileRef = 59B33063223FE9D500A7A4CE /* ViewController.swift */; };
		59B33067223FE9D500A7A4CE /* Main.storyboard in Resources */ = {isa = PBXBuildFile; fileRef = 59B33065223FE9D500A7A4CE /* Main.storyboard */; };
		59B33069223FE9D600A7A4CE /* Assets.xcassets in Resources */ = {isa = PBXBuildFile; fileRef = 59B33068223FE9D600A7A4CE /* Assets.xcassets */; };
		59B3306C223FE9D600A7A4CE /* LaunchScreen.storyboard in Resources */ = {isa = PBXBuildFile; fileRef = 59B3306A223FE9D600A7A4CE /* LaunchScreen.storyboard */; };
		59B33077223FE9D700A7A4CE /* SlideMenuTests.swift in Sources */ = {isa = PBXBuildFile; fileRef = 59B33076223FE9D700A7A4CE /* SlideMenuTests.swift */; };
		59B33082223FE9D700A7A4CE /* SlideMenuUITests.swift in Sources */ = {isa = PBXBuildFile; fileRef = 59B33081223FE9D700A7A4CE /* SlideMenuUITests.swift */; };
/* End PBXBuildFile section */

/* Begin PBXContainerItemProxy section */
		59B33073223FE9D700A7A4CE /* PBXContainerItemProxy */ = {
			isa = PBXContainerItemProxy;
			containerPortal = 59B33056223FE9D500A7A4CE /* Project object */;
			proxyType = 1;
			remoteGlobalIDString = 59B3305D223FE9D500A7A4CE;
			remoteInfo = SlideMenu;
		};
		59B3307E223FE9D700A7A4CE /* PBXContainerItemProxy */ = {
			isa = PBXContainerItemProxy;
			containerPortal = 59B33056223FE9D500A7A4CE /* Project object */;
			proxyType = 1;
			remoteGlobalIDString = 59B3305D223FE9D500A7A4CE;
			remoteInfo = SlideMenu;
		};
/* End PBXContainerItemProxy section */

/* Begin PBXFileReference section */
		59B3305E223FE9D500A7A4CE /* SlideMenu.app */ = {isa = PBXFileReference; explicitFileType = wrapper.application; includeInIndex = 0; path = SlideMenu.app; sourceTree = BUILT_PRODUCTS_DIR; };
		59B33061223FE9D500A7A4CE /* AppDelegate.swift */ = {isa = PBXFileReference; lastKnownFileType = sourcecode.swift; path = AppDelegate.swift; sourceTree = "<group>"; };
		59B33063223FE9D500A7A4CE /* ViewController.swift */ = {isa = PBXFileReference; lastKnownFileType = sourcecode.swift; path = ViewController.swift; sourceTree = "<group>"; };
		59B33066223FE9D500A7A4CE /* Base */ = {isa = PBXFileReference; lastKnownFileType = file.storyboard; name = Base; path = Base.lproj/Main.storyboard; sourceTree = "<group>"; };
		59B33068223FE9D600A7A4CE /* Assets.xcassets */ = {isa = PBXFileReference; lastKnownFileType = folder.assetcatalog; path = Assets.xcassets; sourceTree = "<group>"; };
		59B3306B223FE9D600A7A4CE /* Base */ = {isa = PBXFileReference; lastKnownFileType = file.storyboard; name = Base; path = Base.lproj/LaunchScreen.storyboard; sourceTree = "<group>"; };
		59B3306D223FE9D600A7A4CE /* Info.plist */ = {isa = PBXFileReference; lastKnownFileType = text.plist.xml; path = Info.plist; sourceTree = "<group>"; };
		59B33072223FE9D700A7A4CE /* SlideMenuTests.xctest */ = {isa = PBXFileReference; explicitFileType = wrapper.cfbundle; includeInIndex = 0; path = SlideMenuTests.xctest; sourceTree = BUILT_PRODUCTS_DIR; };
		59B33076223FE9D700A7A4CE /* SlideMenuTests.swift */ = {isa = PBXFileReference; lastKnownFileType = sourcecode.swift; path = SlideMenuTests.swift; sourceTree = "<group>"; };
		59B33078223FE9D700A7A4CE /* Info.plist */ = {isa = PBXFileReference; lastKnownFileType = text.plist.xml; path = Info.plist; sourceTree = "<group>"; };
		59B3307D223FE9D700A7A4CE /* SlideMenuUITests.xctest */ = {isa = PBXFileReference; explicitFileType = wrapper.cfbundle; includeInIndex = 0; path = SlideMenuUITests.xctest; sourceTree = BUILT_PRODUCTS_DIR; };
		59B33081223FE9D700A7A4CE /* SlideMenuUITests.swift */ = {isa = PBXFileReference; lastKnownFileType = sourcecode.swift; path = SlideMenuUITests.swift; sourceTree = "<group>"; };
		59B33083223FE9D700A7A4CE /* Info.plist */ = {isa = PBXFileReference; lastKnownFileType = text.plist.xml; path = Info.plist; sourceTree = "<group>"; };
/* End PBXFileReference section */

/* Begin PBXFrameworksBuildPhase section */
		59B3305B223FE9D500A7A4CE /* Frameworks */ = {
			isa = PBXFrameworksBuildPhase;
			buildActionMask = 2147483647;
			files = (
			);
			runOnlyForDeploymentPostprocessing = 0;
		};
		59B3306F223FE9D700A7A4CE /* Frameworks */ = {
			isa = PBXFrameworksBuildPhase;
			buildActionMask = 2147483647;
			files = (
			);
			runOnlyForDeploymentPostprocessing = 0;
		};
		59B3307A223FE9D700A7A4CE /* Frameworks */ = {
			isa = PBXFrameworksBuildPhase;
			buildActionMask = 2147483647;
			files = (
			);
			runOnlyForDeploymentPostprocessing = 0;
		};
/* End PBXFrameworksBuildPhase section */

/* Begin PBXGroup section */
		59B33055223FE9D500A7A4CE = {
			isa = PBXGroup;
			children = (
				59B33060223FE9D500A7A4CE /* SlideMenu */,
				59B33075223FE9D700A7A4CE /* SlideMenuTests */,
				59B33080223FE9D700A7A4CE /* SlideMenuUITests */,
				59B3305F223FE9D500A7A4CE /* Products */,
			);
			sourceTree = "<group>";
		};
		59B3305F223FE9D500A7A4CE /* Products */ = {
			isa = PBXGroup;
			children = (
				59B3305E223FE9D500A7A4CE /* SlideMenu.app */,
				59B33072223FE9D700A7A4CE /* SlideMenuTests.xctest */,
				59B3307D223FE9D700A7A4CE /* SlideMenuUITests.xctest */,
			);
			name = Products;
			sourceTree = "<group>";
		};
		59B33060223FE9D500A7A4CE /* SlideMenu */ = {
			isa = PBXGroup;
			children = (
				59B33061223FE9D500A7A4CE /* AppDelegate.swift */,
				59B33063223FE9D500A7A4CE /* ViewController.swift */,
				59B33065223FE9D500A7A4CE /* Main.storyboard */,
				59B33068223FE9D600A7A4CE /* Assets.xcassets */,
				59B3306A223FE9D600A7A4CE /* LaunchScreen.storyboard */,
				59B3306D223FE9D600A7A4CE /* Info.plist */,
			);
			path = SlideMenu;
			sourceTree = "<group>";
		};
		59B33075223FE9D700A7A4CE /* SlideMenuTests */ = {
			isa = PBXGroup;
			children = (
				59B33076223FE9D700A7A4CE /* SlideMenuTests.swift */,
				59B33078223FE9D700A7A4CE /* Info.plist */,
			);
			path = SlideMenuTests;
			sourceTree = "<group>";
		};
		59B33080223FE9D700A7A4CE /* SlideMenuUITests */ = {
			isa = PBXGroup;
			children = (
				59B33081223FE9D700A7A4CE /* SlideMenuUITests.swift */,
				59B33083223FE9D700A7A4CE /* Info.plist */,
			);
			path = SlideMenuUITests;
			sourceTree = "<group>";
		};
/* End PBXGroup section */

/* Begin PBXNativeTarget section */
		59B3305D223FE9D500A7A4CE /* SlideMenu */ = {
			isa = PBXNativeTarget;
			buildConfigurationList = 59B33086223FE9D700A7A4CE /* Build configuration list for PBXNativeTarget "SlideMenu" */;
			buildPhases = (
				59B3305A223FE9D500A7A4CE /* Sources */,
				59B3305B223FE9D500A7A4CE /* Frameworks */,
				59B3305C223FE9D500A7A4CE /* Resources */,
			);
			buildRules = (
			);
			dependencies = (
			);
			name = SlideMenu;
			productName = SlideMenu;
			productReference = 59B3305E223FE9D500A7A4CE /* SlideMenu.app */;
			productType = "com.apple.product-type.application";
		};
		59B33071223FE9D700A7A4CE /* SlideMenuTests */ = {
			isa = PBXNativeTarget;
			buildConfigurationList = 59B33089223FE9D700A7A4CE /* Build configuration list for PBXNativeTarget "SlideMenuTests" */;
			buildPhases = (
				59B3306E223FE9D700A7A4CE /* Sources */,
				59B3306F223FE9D700A7A4CE /* Frameworks */,
				59B33070223FE9D700A7A4CE /* Resources */,
			);
			buildRules = (
			);
			dependencies = (
				59B33074223FE9D700A7A4CE /* PBXTargetDependency */,
			);
			name = SlideMenuTests;
			productName = SlideMenuTests;
			productReference = 59B33072223FE9D700A7A4CE /* SlideMenuTests.xctest */;
			productType = "com.apple.product-type.bundle.unit-test";
		};
		59B3307C223FE9D700A7A4CE /* SlideMenuUITests */ = {
			isa = PBXNativeTarget;
			buildConfigurationList = 59B3308C223FE9D700A7A4CE /* Build configuration list for PBXNativeTarget "SlideMenuUITests" */;
			buildPhases = (
				59B33079223FE9D700A7A4CE /* Sources */,
				59B3307A223FE9D700A7A4CE /* Frameworks */,
				59B3307B223FE9D700A7A4CE /* Resources */,
			);
			buildRules = (
			);
			dependencies = (
				59B3307F223FE9D700A7A4CE /* PBXTargetDependency */,
			);
			name = SlideMenuUITests;
			productName = SlideMenuUITests;
			productReference = 59B3307D223FE9D700A7A4CE /* SlideMenuUITests.xctest */;
			productType = "com.apple.product-type.bundle.ui-testing";
		};
/* End PBXNativeTarget section */

/* Begin PBXProject section */
		59B33056223FE9D500A7A4CE /* Project object */ = {
			isa = PBXProject;
			attributes = {
				LastSwiftUpdateCheck = 1010;
				LastUpgradeCheck = 1010;
				ORGANIZATIONNAME = "takahiro yoshikawa";
				TargetAttributes = {
					59B3305D223FE9D500A7A4CE = {
						CreatedOnToolsVersion = 10.1;
					};
					59B33071223FE9D700A7A4CE = {
						CreatedOnToolsVersion = 10.1;
						TestTargetID = 59B3305D223FE9D500A7A4CE;
					};
					59B3307C223FE9D700A7A4CE = {
						CreatedOnToolsVersion = 10.1;
						TestTargetID = 59B3305D223FE9D500A7A4CE;
					};
				};
			};
			buildConfigurationList = 59B33059223FE9D500A7A4CE /* Build configuration list for PBXProject "SlideMenu" */;
			compatibilityVersion = "Xcode 9.3";
			developmentRegion = en;
			hasScannedForEncodings = 0;
			knownRegions = (
				en,
				Base,
			);
			mainGroup = 59B33055223FE9D500A7A4CE;
			productRefGroup = 59B3305F223FE9D500A7A4CE /* Products */;
			projectDirPath = "";
			projectRoot = "";
			targets = (
				59B3305D223FE9D500A7A4CE /* SlideMenu */,
				59B33071223FE9D700A7A4CE /* SlideMenuTests */,
				59B3307C223FE9D700A7A4CE /* SlideMenuUITests */,
			);
		};
/* End PBXProject section */

/* Begin PBXResourcesBuildPhase section */
		59B3305C223FE9D500A7A4CE /* Resources */ = {
			isa = PBXResourcesBuildPhase;
			buildActionMask = 2147483647;
			files = (
				59B3306C223FE9D600A7A4CE /* LaunchScreen.storyboard in Resources */,
				59B33069223FE9D600A7A4CE /* Assets.xcassets in Resources */,
				59B33067223FE9D500A7A4CE /* Main.storyboard in Resources */,
			);
			runOnlyForDeploymentPostprocessing = 0;
		};
		59B33070223FE9D700A7A4CE /* Resources */ = {
			isa = PBXResourcesBuildPhase;
			buildActionMask = 2147483647;
			files = (
			);
			runOnlyForDeploymentPostprocessing = 0;
		};
		59B3307B223FE9D700A7A4CE /* Resources */ = {
			isa = PBXResourcesBuildPhase;
			buildActionMask = 2147483647;
			files = (
			);
			runOnlyForDeploymentPostprocessing = 0;
		};
/* End PBXResourcesBuildPhase section */

/* Begin PBXSourcesBuildPhase section */
		59B3305A223FE9D500A7A4CE /* Sources */ = {
			isa = PBXSourcesBuildPhase;
			buildActionMask = 2147483647;
			files = (
				59B33064223FE9D500A7A4CE /* ViewController.swift in Sources */,
				59B33062223FE9D500A7A4CE /* AppDelegate.swift in Sources */,
			);
			runOnlyForDeploymentPostprocessing = 0;
		};
		59B3306E223FE9D700A7A4CE /* Sources */ = {
			isa = PBXSourcesBuildPhase;
			buildActionMask = 2147483647;
			files = (
				59B33077223FE9D700A7A4CE /* SlideMenuTests.swift in Sources */,
			);
			runOnlyForDeploymentPostprocessing = 0;
		};
		59B33079223FE9D700A7A4CE /* Sources */ = {
			isa = PBXSourcesBuildPhase;
			buildActionMask = 2147483647;
			files = (
				59B33082223FE9D700A7A4CE /* SlideMenuUITests.swift in Sources */,
			);
			runOnlyForDeploymentPostprocessing = 0;
		};
/* End PBXSourcesBuildPhase section */

/* Begin PBXTargetDependency section */
		59B33074223FE9D700A7A4CE /* PBXTargetDependency */ = {
			isa = PBXTargetDependency;
			target = 59B3305D223FE9D500A7A4CE /* SlideMenu */;
			targetProxy = 59B33073223FE9D700A7A4CE /* PBXContainerItemProxy */;
		};
		59B3307F223FE9D700A7A4CE /* PBXTargetDependency */ = {
			isa = PBXTargetDependency;
			target = 59B3305D223FE9D500A7A4CE /* SlideMenu */;
			targetProxy = 59B3307E223FE9D700A7A4CE /* PBXContainerItemProxy */;
		};
/* End PBXTargetDependency section */

/* Begin PBXVariantGroup section */
		59B33065223FE9D500A7A4CE /* Main.storyboard */ = {
			isa = PBXVariantGroup;
			children = (
				59B33066223FE9D500A7A4CE /* Base */,
			);
			name = Main.storyboard;
			sourceTree = "<group>";
		};
		59B3306A223FE9D600A7A4CE /* LaunchScreen.storyboard */ = {
			isa = PBXVariantGroup;
			children = (
				59B3306B223FE9D600A7A4CE /* Base */,
			);
			name = LaunchScreen.storyboard;
			sourceTree = "<group>";
		};
/* End PBXVariantGroup section */

/* Begin XCBuildConfiguration section */
		59B33084223FE9D700A7A4CE /* Debug */ = {
			isa = XCBuildConfiguration;
			buildSettings = {
				ALWAYS_SEARCH_USER_PATHS = NO;
				CLANG_ANALYZER_NONNULL = YES;
				CLANG_ANALYZER_NUMBER_OBJECT_CONVERSION = YES_AGGRESSIVE;
				CLANG_CXX_LANGUAGE_STANDARD = "gnu++14";
				CLANG_CXX_LIBRARY = "libc++";
				CLANG_ENABLE_MODULES = YES;
				CLANG_ENABLE_OBJC_ARC = YES;
				CLANG_ENABLE_OBJC_WEAK = YES;
				CLANG_WARN_BLOCK_CAPTURE_AUTORELEASING = YES;
				CLANG_WARN_BOOL_CONVERSION = YES;
				CLANG_WARN_COMMA = YES;
				CLANG_WARN_CONSTANT_CONVERSION = YES;
				CLANG_WARN_DEPRECATED_OBJC_IMPLEMENTATIONS = YES;
				CLANG_WARN_DIRECT_OBJC_ISA_USAGE = YES_ERROR;
				CLANG_WARN_DOCUMENTATION_COMMENTS = YES;
				CLANG_WARN_EMPTY_BODY = YES;
				CLANG_WARN_ENUM_CONVERSION = YES;
				CLANG_WARN_INFINITE_RECURSION = YES;
				CLANG_WARN_INT_CONVERSION = YES;
				CLANG_WARN_NON_LITERAL_NULL_CONVERSION = YES;
				CLANG_WARN_OBJC_IMPLICIT_RETAIN_SELF = YES;
				CLANG_WARN_OBJC_LITERAL_CONVERSION = YES;
				CLANG_WARN_OBJC_ROOT_CLASS = YES_ERROR;
				CLANG_WARN_RANGE_LOOP_ANALYSIS = YES;
				CLANG_WARN_STRICT_PROTOTYPES = YES;
				CLANG_WARN_SUSPICIOUS_MOVE = YES;
				CLANG_WARN_UNGUARDED_AVAILABILITY = YES_AGGRESSIVE;
				CLANG_WARN_UNREACHABLE_CODE = YES;
				CLANG_WARN__DUPLICATE_METHOD_MATCH = YES;
				CODE_SIGN_IDENTITY = "iPhone Developer";
				COPY_PHASE_STRIP = NO;
				DEBUG_INFORMATION_FORMAT = dwarf;
				ENABLE_STRICT_OBJC_MSGSEND = YES;
				ENABLE_TESTABILITY = YES;
				GCC_C_LANGUAGE_STANDARD = gnu11;
				GCC_DYNAMIC_NO_PIC = NO;
				GCC_NO_COMMON_BLOCKS = YES;
				GCC_OPTIMIZATION_LEVEL = 0;
				GCC_PREPROCESSOR_DEFINITIONS = (
					"DEBUG=1",
					"$(inherited)",
				);
				GCC_WARN_64_TO_32_BIT_CONVERSION = YES;
				GCC_WARN_ABOUT_RETURN_TYPE = YES_ERROR;
				GCC_WARN_UNDECLARED_SELECTOR = YES;
				GCC_WARN_UNINITIALIZED_AUTOS = YES_AGGRESSIVE;
				GCC_WARN_UNUSED_FUNCTION = YES;
				GCC_WARN_UNUSED_VARIABLE = YES;
				IPHONEOS_DEPLOYMENT_TARGET = 12.1;
				MTL_ENABLE_DEBUG_INFO = INCLUDE_SOURCE;
				MTL_FAST_MATH = YES;
				ONLY_ACTIVE_ARCH = YES;
				SDKROOT = iphoneos;
				SWIFT_ACTIVE_COMPILATION_CONDITIONS = DEBUG;
				SWIFT_OPTIMIZATION_LEVEL = "-Onone";
			};
			name = Debug;
		};
		59B33085223FE9D700A7A4CE /* Release */ = {
			isa = XCBuildConfiguration;
			buildSettings = {
				ALWAYS_SEARCH_USER_PATHS = NO;
				CLANG_ANALYZER_NONNULL = YES;
				CLANG_ANALYZER_NUMBER_OBJECT_CONVERSION = YES_AGGRESSIVE;
				CLANG_CXX_LANGUAGE_STANDARD = "gnu++14";
				CLANG_CXX_LIBRARY = "libc++";
				CLANG_ENABLE_MODULES = YES;
				CLANG_ENABLE_OBJC_ARC = YES;
				CLANG_ENABLE_OBJC_WEAK = YES;
				CLANG_WARN_BLOCK_CAPTURE_AUTORELEASING = YES;
				CLANG_WARN_BOOL_CONVERSION = YES;
				CLANG_WARN_COMMA = YES;
				CLANG_WARN_CONSTANT_CONVERSION = YES;
				CLANG_WARN_DEPRECATED_OBJC_IMPLEMENTATIONS = YES;
				CLANG_WARN_DIRECT_OBJC_ISA_USAGE = YES_ERROR;
				CLANG_WARN_DOCUMENTATION_COMMENTS = YES;
				CLANG_WARN_EMPTY_BODY = YES;
				CLANG_WARN_ENUM_CONVERSION = YES;
				CLANG_WARN_INFINITE_RECURSION = YES;
				CLANG_WARN_INT_CONVERSION = YES;
				CLANG_WARN_NON_LITERAL_NULL_CONVERSION = YES;
				CLANG_WARN_OBJC_IMPLICIT_RETAIN_SELF = YES;
				CLANG_WARN_OBJC_LITERAL_CONVERSION = YES;
				CLANG_WARN_OBJC_ROOT_CLASS = YES_ERROR;
				CLANG_WARN_RANGE_LOOP_ANALYSIS = YES;
				CLANG_WARN_STRICT_PROTOTYPES = YES;
				CLANG_WARN_SUSPICIOUS_MOVE = YES;
				CLANG_WARN_UNGUARDED_AVAILABILITY = YES_AGGRESSIVE;
				CLANG_WARN_UNREACHABLE_CODE = YES;
				CLANG_WARN__DUPLICATE_METHOD_MATCH = YES;
				CODE_SIGN_IDENTITY = "iPhone Developer";
				COPY_PHASE_STRIP = NO;
				DEBUG_INFORMATION_FORMAT = "dwarf-with-dsym";
				ENABLE_NS_ASSERTIONS = NO;
				ENABLE_STRICT_OBJC_MSGSEND = YES;
				GCC_C_LANGUAGE_STANDARD = gnu11;
				GCC_NO_COMMON_BLOCKS = YES;
				GCC_WARN_64_TO_32_BIT_CONVERSION = YES;
				GCC_WARN_ABOUT_RETURN_TYPE = YES_ERROR;
				GCC_WARN_UNDECLARED_SELECTOR = YES;
				GCC_WARN_UNINITIALIZED_AUTOS = YES_AGGRESSIVE;
				GCC_WARN_UNUSED_FUNCTION = YES;
				GCC_WARN_UNUSED_VARIABLE = YES;
				IPHONEOS_DEPLOYMENT_TARGET = 12.1;
				MTL_ENABLE_DEBUG_INFO = NO;
				MTL_FAST_MATH = YES;
				SDKROOT = iphoneos;
				SWIFT_COMPILATION_MODE = wholemodule;
				SWIFT_OPTIMIZATION_LEVEL = "-O";
				VALIDATE_PRODUCT = YES;
			};
			name = Release;
		};
		59B33087223FE9D700A7A4CE /* Debug */ = {
			isa = XCBuildConfiguration;
			buildSettings = {
				ASSETCATALOG_COMPILER_APPICON_NAME = AppIcon;
				CODE_SIGN_STYLE = Automatic;
				DEVELOPMENT_TEAM = LC262FF5YU;
				INFOPLIST_FILE = SlideMenu/Info.plist;
				LD_RUNPATH_SEARCH_PATHS = (
					"$(inherited)",
					"@executable_path/Frameworks",
				);
				PRODUCT_BUNDLE_IDENTIFIER = com.aihasayahukoma7.SlideMenu;
				PRODUCT_NAME = "$(TARGET_NAME)";
				SWIFT_VERSION = 4.2;
				TARGETED_DEVICE_FAMILY = "1,2";
			};
			name = Debug;
		};
		59B33088223FE9D700A7A4CE /* Release */ = {
			isa = XCBuildConfiguration;
			buildSettings = {
				ASSETCATALOG_COMPILER_APPICON_NAME = AppIcon;
				CODE_SIGN_STYLE = Automatic;
				DEVELOPMENT_TEAM = LC262FF5YU;
				INFOPLIST_FILE = SlideMenu/Info.plist;
				LD_RUNPATH_SEARCH_PATHS = (
					"$(inherited)",
					"@executable_path/Frameworks",
				);
				PRODUCT_BUNDLE_IDENTIFIER = com.aihasayahukoma7.SlideMenu;
				PRODUCT_NAME = "$(TARGET_NAME)";
				SWIFT_VERSION = 4.2;
				TARGETED_DEVICE_FAMILY = "1,2";
			};
			name = Release;
		};
		59B3308A223FE9D700A7A4CE /* Debug */ = {
			isa = XCBuildConfiguration;
			buildSettings = {
				ALWAYS_EMBED_SWIFT_STANDARD_LIBRARIES = YES;
				BUNDLE_LOADER = "$(TEST_HOST)";
				CODE_SIGN_STYLE = Automatic;
				DEVELOPMENT_TEAM = LC262FF5YU;
				INFOPLIST_FILE = SlideMenuTests/Info.plist;
				LD_RUNPATH_SEARCH_PATHS = (
					"$(inherited)",
					"@executable_path/Frameworks",
					"@loader_path/Frameworks",
				);
				PRODUCT_BUNDLE_IDENTIFIER = com.aihasayahukoma7.SlideMenuTests;
				PRODUCT_NAME = "$(TARGET_NAME)";
				SWIFT_VERSION = 4.2;
				TARGETED_DEVICE_FAMILY = "1,2";
				TEST_HOST = "$(BUILT_PRODUCTS_DIR)/SlideMenu.app/SlideMenu";
			};
			name = Debug;
		};
		59B3308B223FE9D700A7A4CE /* Release */ = {
			isa = XCBuildConfiguration;
			buildSettings = {
				ALWAYS_EMBED_SWIFT_STANDARD_LIBRARIES = YES;
				BUNDLE_LOADER = "$(TEST_HOST)";
				CODE_SIGN_STYLE = Automatic;
				DEVELOPMENT_TEAM = LC262FF5YU;
				INFOPLIST_FILE = SlideMenuTests/Info.plist;
				LD_RUNPATH_SEARCH_PATHS = (
					"$(inherited)",
					"@executable_path/Frameworks",
					"@loader_path/Frameworks",
				);
				PRODUCT_BUNDLE_IDENTIFIER = com.aihasayahukoma7.SlideMenuTests;
				PRODUCT_NAME = "$(TARGET_NAME)";
				SWIFT_VERSION = 4.2;
				TARGETED_DEVICE_FAMILY = "1,2";
				TEST_HOST = "$(BUILT_PRODUCTS_DIR)/SlideMenu.app/SlideMenu";
			};
			name = Release;
		};
		59B3308D223FE9D700A7A4CE /* Debug */ = {
			isa = XCBuildConfiguration;
			buildSettings = {
				ALWAYS_EMBED_SWIFT_STANDARD_LIBRARIES = YES;
				CODE_SIGN_STYLE = Automatic;
				DEVELOPMENT_TEAM = LC262FF5YU;
				INFOPLIST_FILE = SlideMenuUITests/Info.plist;
				LD_RUNPATH_SEARCH_PATHS = (
					"$(inherited)",
					"@executable_path/Frameworks",
					"@loader_path/Frameworks",
				);
				PRODUCT_BUNDLE_IDENTIFIER = com.aihasayahukoma7.SlideMenuUITests;
				PRODUCT_NAME = "$(TARGET_NAME)";
				SWIFT_VERSION = 4.2;
				TARGETED_DEVICE_FAMILY = "1,2";
				TEST_TARGET_NAME = SlideMenu;
			};
			name = Debug;
		};
		59B3308E223FE9D700A7A4CE /* Release */ = {
			isa = XCBuildConfiguration;
			buildSettings = {
				ALWAYS_EMBED_SWIFT_STANDARD_LIBRARIES = YES;
				CODE_SIGN_STYLE = Automatic;
				DEVELOPMENT_TEAM = LC262FF5YU;
				INFOPLIST_FILE = SlideMenuUITests/Info.plist;
				LD_RUNPATH_SEARCH_PATHS = (
					"$(inherited)",
					"@executable_path/Frameworks",
					"@loader_path/Frameworks",
				);
				PRODUCT_BUNDLE_IDENTIFIER = com.aihasayahukoma7.SlideMenuUITests;
				PRODUCT_NAME = "$(TARGET_NAME)";
				SWIFT_VERSION = 4.2;
				TARGETED_DEVICE_FAMILY = "1,2";
				TEST_TARGET_NAME = SlideMenu;
			};
			name = Release;
		};
/* End XCBuildConfiguration section */

/* Begin XCConfigurationList section */
		59B33059223FE9D500A7A4CE /* Build configuration list for PBXProject "SlideMenu" */ = {
			isa = XCConfigurationList;
			buildConfigurations = (
				59B33084223FE9D700A7A4CE /* Debug */,
				59B33085223FE9D700A7A4CE /* Release */,
			);
			defaultConfigurationIsVisible = 0;
			defaultConfigurationName = Release;
		};
		59B33086223FE9D700A7A4CE /* Build configuration list for PBXNativeTarget "SlideMenu" */ = {
			isa = XCConfigurationList;
			buildConfigurations = (
				59B33087223FE9D700A7A4CE /* Debug */,
				59B33088223FE9D700A7A4CE /* Release */,
			);
			defaultConfigurationIsVisible = 0;
			defaultConfigurationName = Release;
		};
		59B33089223FE9D700A7A4CE /* Build configuration list for PBXNativeTarget "SlideMenuTests" */ = {
			isa = XCConfigurationList;
			buildConfigurations = (
				59B3308A223FE9D700A7A4CE /* Debug */,
				59B3308B223FE9D700A7A4CE /* Release */,
			);
			defaultConfigurationIsVisible = 0;
			defaultConfigurationName = Release;
		};
		59B3308C223FE9D700A7A4CE /* Build configuration list for PBXNativeTarget "SlideMenuUITests" */ = {
			isa = XCConfigurationList;
			buildConfigurations = (
				59B3308D223FE9D700A7A4CE /* Debug */,
				59B3308E223FE9D700A7A4CE /* Release */,
			);
			defaultConfigurationIsVisible = 0;
			defaultConfigurationName = Release;
		};
/* End XCConfigurationList section */
	};
	rootObject = 59B33056223FE9D500A7A4CE /* Project object */;
}
